
Microsoft Visual Studio Solution File, Format Version 12.00
# Visual Studio 15
VisualStudioVersion = 15.0.28307.329
MinimumVisualStudioVersion = 10.0.40219.1
Project("{FAE04EC0-301F-11D3-BF4B-00C04F79EFBC}") = "Dcrews Framework", "Dcrews Framework\Dcrews Framework.csproj", "{26DB8974-43BA-499A-AE82-852BC58043A0}"
EndProject
Global
	GlobalSection(SolutionConfigurationPlatforms) = preSolution
		Debug|Any CPU = Debug|Any CPU
		Release|Any CPU = Release|Any CPU
	EndGlobalSection
	GlobalSection(ProjectConfigurationPlatforms) = postSolution
		{26DB8974-43BA-499A-AE82-852BC58043A0}.Debug|Any CPU.ActiveCfg = Debug|Any CPU
		{26DB8974-43BA-499A-AE82-852BC58043A0}.Debug|Any CPU.Build.0 = Debug|Any CPU
		{26DB8974-43BA-499A-AE82-852BC58043A0}.Release|Any CPU.ActiveCfg = Release|Any CPU
		{26DB8974-43BA-499A-AE82-852BC58043A0}.Release|Any CPU.Build.0 = Release|Any CPU
	EndGlobalSection
	GlobalSection(SolutionProperties) = preSolution
		HideSolutionNode = FALSE
	EndGlobalSection
	GlobalSection(ExtensibilityGlobals) = postSolution
		SolutionGuid = {09345EF2-BB4B-4231-9AA5-DAD8E1A15B06}
	EndGlobalSection
EndGlobal
